
Microsoft Visual Studio Solution File, Format Version 12.00
# Visual Studio Version 18
VisualStudioVersion = 18.3.11426.168 d18.3
MinimumVisualStudioVersion = 10.0.40219.1
Project("{FAE04EC0-301F-11D3-BF4B-00C04F79EFBC}") = "aliados", "webapp\aliados.csproj", "{5286E518-0785-46F3-A8EB-9924BC972AEE}"
EndProject
Project("{2150E333-8FDC-42A3-9474-1A3956D46DE8}") = "Core", "Core", "{A55F4A46-8E3E-4F3B-B23F-E13DC75C5D8C}"
EndProject
Project("{FAE04EC0-301F-11D3-BF4B-00C04F79EFBC}") = "Architect.API.Core.Contracts", "Core\Architect.API.Core.Contracts\Architect.API.Core.Contracts.csproj", "{29B21BEF-8C87-4A9D-8B37-FECC57CD03C7}"
EndProject
Project("{FAE04EC0-301F-11D3-BF4B-00C04F79EFBC}") = "Architect.API.Core", "Core\Architect.API.Core\Architect.API.Core.csproj", "{C3DF159D-24F2-48F6-AB4C-1480A47626F0}"
EndProject
Project("{2150E333-8FDC-42A3-9474-1A3956D46DE8}") = "Policy", "Policy", "{8132710E-5F12-438F-AB5C-7D26549493BC}"
EndProject
Project("{FAE04EC0-301F-11D3-BF4B-00C04F79EFBC}") = "Architect.API.Insurance.Contracts", "InsurancePolicy\Architect.API.Insurance.Contracts\Architect.API.Insurance.Contracts.csproj", "{3DA1398D-CCC0-4F4B-A099-72CC3BBD2A9A}"
EndProject
Project("{FAE04EC0-301F-11D3-BF4B-00C04F79EFBC}") = "Architect.API.Insurance", "InsurancePolicy\Architect.API.Insurance\Architect.API.Insurance.csproj", "{CA87FDF9-B58D-4DA1-800E-4DDFB37245BB}"
EndProject
Project("{FAE04EC0-301F-11D3-BF4B-00C04F79EFBC}") = "Architect.Insurance.Contracts", "InsuranceRating\Architect.Insurance.Contracts\Architect.Insurance.Contracts.csproj", "{92937331-3EC2-45C0-879E-DE7186CCA4AE}"
EndProject
Project("{FAE04EC0-301F-11D3-BF4B-00C04F79EFBC}") = "Architect.Insurance.Services", "InsuranceRating\Architect.Insurance.Services\Architect.Insurance.Services.csproj", "{6EF8CA1D-1853-4875-B953-8264F985C110}"
EndProject
Project("{FAE04EC0-301F-11D3-BF4B-00C04F79EFBC}") = "Architect.API.Insurance.Business", "InsurancePolicy\Architect.API.Insurance.Business\Architect.API.Insurance.Business.csproj", "{09A0943E-CE17-433E-AB5B-9F6E3AF78E50}"
EndProject
Project("{FAE04EC0-301F-11D3-BF4B-00C04F79EFBC}") = "Architect.API.Core.Business", "Core\Architect.API.Core.Business\Architect.API.Core.Business.csproj", "{579105B3-776B-4094-A301-87A9C42962C5}"
EndProject
Project("{2150E333-8FDC-42A3-9474-1A3956D46DE8}") = "Rating", "Rating", "{D8070E82-A254-4BE3-827F-2FF4BA37A168}"
EndProject
Project("{2150E333-8FDC-42A3-9474-1A3956D46DE8}") = "Tron", "Tron", "{A5883024-95B4-4551-8ED1-31DABF1D0999}"
EndProject
Project("{FAE04EC0-301F-11D3-BF4B-00C04F79EFBC}") = "Architect.API.Tron", "Tron\Architect.API.Tron\Architect.API.Tron.csproj", "{89532941-0A32-495A-BFE9-81B8B03F2A61}"
EndProject
Project("{FAE04EC0-301F-11D3-BF4B-00C04F79EFBC}") = "Architect.API.Tron.Contracts", "Tron\Architect.API.Tron.Contracts\Architect.API.Tron.Contracts.csproj", "{E45FC69A-0702-4A98-885E-F43DD79A424E}"
EndProject
Project("{FAE04EC0-301F-11D3-BF4B-00C04F79EFBC}") = "Architect.API.Tron.Business", "Tron\Architect.API.Tron.Business\Architect.API.Tron.Business.csproj", "{6A906932-7049-4DBD-88F6-2B3F5B3B0F94}"
EndProject
Project("{FAE04EC0-301F-11D3-BF4B-00C04F79EFBC}") = "Architect.Extend.Integrations", "InsurancePolicy\Architect.Extend.Integrations\Architect.Extend.Integrations.csproj", "{4A384364-B935-4FE8-A0D0-35B4033C6A91}"
EndProject
Project("{FAE04EC0-301F-11D3-BF4B-00C04F79EFBC}") = "Architect.API.Tron.DataAccess", "Tron\Architect.API.Tron.DataAccess\Architect.API.Tron.DataAccess.csproj", "{4902E3E0-A90E-4769-807F-1B565EF66549}"
EndProject
Project("{2150E333-8FDC-42A3-9474-1A3956D46DE8}") = "Kernel", "Kernel", "{5588463B-D9C9-4CF3-AE4F-254F40C2C106}"
EndProject
Project("{FAE04EC0-301F-11D3-BF4B-00C04F79EFBC}") = "Architect.Utilities", "Kernel\Architect.Utilities\Architect.Utilities.csproj", "{E8317AB3-7807-4FCF-8520-B80340B4EB7D}"
EndProject
Project("{FAE04EC0-301F-11D3-BF4B-00C04F79EFBC}") = "Architect.DataFactory", "Kernel\Architect.DataFactory\Architect.DataFactory.csproj", "{011157F4-8E96-46FE-8FF6-2B36AE9F20C9}"
EndProject
Project("{FAE04EC0-301F-11D3-BF4B-00C04F79EFBC}") = "Architect.WS.Integrations", "Tron\Architect.WS.Integrations\Architect.WS.Integrations.csproj", "{DF22B5F7-3F15-408D-8FEC-D38A1F10DB32}"
EndProject
Project("{FAE04EC0-301F-11D3-BF4B-00C04F79EFBC}") = "Architect.API.Insurance.DataAccess", "InsurancePolicy\Architect.API.Insurance.DataAccess\Architect.API.Insurance.DataAccess.csproj", "{945E44C5-D4B9-0284-138F-DBFDCC714451}"
EndProject
Project("{FAE04EC0-301F-11D3-BF4B-00C04F79EFBC}") = "Architect.API.Core.DataAccess", "Core\Architect.API.Core.DataAccess\Architect.API.Core.DataAccess.csproj", "{ADE9E68B-134E-0D88-34F0-07A5AAD11285}"
EndProject
Project("{FAE04EC0-301F-11D3-BF4B-00C04F79EFBC}") = "Architect.Utilities.Excel", "Kernel\Architect.Utilities.Excel\Architect.Utilities.Excel.csproj", "{231F38EE-E067-4A51-9195-FB5A3E0D337D}"
EndProject
Project("{FAE04EC0-301F-11D3-BF4B-00C04F79EFBC}") = "Architect.Payment.Integrations", "Core\Architect.Payment.Integrations\Architect.Payment.Integrations.csproj", "{4950C088-7A09-4E2B-B4DE-D2381D0739C6}"
EndProject
Project("{FAE04EC0-301F-11D3-BF4B-00C04F79EFBC}") = "Architect.DocuSign.Integrations", "Core\Architect.DocuSign.Integrations\Architect.DocuSign.Integrations.csproj", "{41B3F1C8-FDB5-4DB4-BE61-6BF1576A09E7}"
EndProject
Project("{FAE04EC0-301F-11D3-BF4B-00C04F79EFBC}") = "Aliados.Monge", "Monge\Aliados.Monge\Aliados.Monge.csproj", "{757B93C0-3E72-44F2-9842-755D39FB2FEE}"
EndProject
Project("{2150E333-8FDC-42A3-9474-1A3956D46DE8}") = "Monge", "Monge", "{8F27499B-6E25-4785-ABA2-83F9CF139C8F}"
EndProject
Project("{FAE04EC0-301F-11D3-BF4B-00C04F79EFBC}") = "Aliados.Monge.WebApi", "Monge\Aliados.Monge.WebApi\Aliados.Monge.WebApi.csproj", "{F3FF6ED2-92C6-40EE-901B-407C6BA73597}"
EndProject
Project("{FAE04EC0-301F-11D3-BF4B-00C04F79EFBC}") = "Aliados.Monge.Domain", "Monge\Aliados.Monge.Domain\Aliados.Monge.Domain.csproj", "{4ADBD7D8-8677-4543-B525-2F99E815FAF1}"
EndProject
Project("{FAE04EC0-301F-11D3-BF4B-00C04F79EFBC}") = "Aliados.Monge.Application", "Monge\Aliados.Monge.Application\Aliados.Monge.Application.csproj", "{8F1D4348-314C-40A9-8B9D-C485E5819CAE}"
EndProject
Project("{FAE04EC0-301F-11D3-BF4B-00C04F79EFBC}") = "Aliados.Monge.Infrastructure.Data", "Monge\Aliados.Monge.Infrastructure.Data\Aliados.Monge.Infrastructure.Data.csproj", "{0BF46121-5709-4D15-B08E-E29AD201ABDF}"
EndProject
Project("{FAE04EC0-301F-11D3-BF4B-00C04F79EFBC}") = "Architect.API.Core.Security", "Core\Architect.API.Core.Utilities\Architect.API.Core.Security.csproj", "{3D406267-4A50-4E87-842A-553E3D222CF1}"
EndProject
Project("{FAE04EC0-301F-11D3-BF4B-00C04F79EFBC}") = "Architect.Compliance.Integrations", "Core\Architect.Compliance.Integrations\Architect.Compliance.Integrations.csproj", "{1A9F7166-6C86-44A6-8920-CD52422A2044}"
EndProject
Project("{FAE04EC0-301F-11D3-BF4B-00C04F79EFBC}") = "Architect.PDF.Integrations", "Core\Architect.PDF.Integrations\Architect.PDF.Integrations.csproj", "{68042445-0A60-4BED-A4A9-222A6BE98C3B}"
EndProject
Project("{2150E333-8FDC-42A3-9474-1A3956D46DE8}") = "SICOP", "SICOP", "{FED99A5C-1673-4263-AFFF-1984911CF5FF}"
EndProject
Project("{FAE04EC0-301F-11D3-BF4B-00C04F79EFBC}") = "Architect.SICOP.Integrations", "sicop\Architect.SICOP.Integrations\Architect.SICOP.Integrations.csproj", "{9DDFBC75-0A39-4A36-9301-169BAC63A801}"
EndProject
Project("{FAE04EC0-301F-11D3-BF4B-00C04F79EFBC}") = "Architect.SICOP.WcfService", "sicop\Architect.SICOP.WcfService\Architect.SICOP.WcfService.csproj", "{36B5AC9F-DAA3-4D43-85F6-47B0389AB261}"
EndProject
Project("{2150E333-8FDC-42A3-9474-1A3956D46DE8}") = "Sugese", "Sugese", "{25D6E55D-1C77-4600-8A37-49C034BA30F8}"
EndProject
Project("{F184B08F-C81C-45F6-A57F-5ABD9991F28F}") = "Architect.Sugese.AporteBomberos", "Sugese\Architect.Sugese.AporteBomberos\Architect.Sugese.AporteBomberos.vbproj", "{073E335E-1662-49E0-90E2-07D39639CC6C}"
EndProject
Project("{F184B08F-C81C-45F6-A57F-5ABD9991F28F}") = "Architect.Sugese.AportesINEC", "Sugese\Architect.Sugese.AportesINEC\Architect.Sugese.AportesINEC.vbproj", "{7A26F40E-4818-4109-A70F-C0D21C1EADBC}"
EndProject
Project("{F184B08F-C81C-45F6-A57F-5ABD9991F28F}") = "Architect.Sugese.BalanceGeneral", "Sugese\Architect.Sugese.BalanceGeneral\Architect.Sugese.BalanceGeneral.vbproj", "{F8E0E0CA-ADA5-49FF-9D32-EF2C40C6A6E7}"
EndProject
Project("{F184B08F-C81C-45F6-A57F-5ABD9991F28F}") = "Architect.Sugese.Canales", "Sugese\Architect.Sugese.Canales\Architect.Sugese.Canales.vbproj", "{BF16885D-0347-48F9-B60C-76D734E80F35}"
EndProject
Project("{F184B08F-C81C-45F6-A57F-5ABD9991F28F}") = "Architect.Sugese.CuentaTecnica", "Sugese\Architect.Sugese.CuentaTecnica\Architect.Sugese.CuentaTecnica.vbproj", "{0D373CBE-4FF8-4C26-A61D-1FDB4A11B937}"
EndProject
Project("{F184B08F-C81C-45F6-A57F-5ABD9991F28F}") = "Architect.Sugese.Domain", "Sugese\Architect.Sugese.Domain\Architect.Sugese.Domain.vbproj", "{B4219EE3-B7C7-4414-ACF1-5153379CE2A5}"
EndProject
Project("{F184B08F-C81C-45F6-A57F-5ABD9991F28F}") = "Architect.Sugese.EstadoResultados", "Sugese\Architect.Sugese.EstadoResultados\Architect.Sugese.EstadoResultados.vbproj", "{BB5575B3-DA18-44A0-8EE2-4DDE1B66E276}"
EndProject
Project("{F184B08F-C81C-45F6-A57F-5ABD9991F28F}") = "Architect.Sugese.InversionesFinancieras", "Sugese\Architect.Sugese.InversionesFinancieras\Architect.Sugese.InversionesFinancieras.vbproj", "{554DEFA8-F453-4D20-820F-171B786E9E93}"
EndProject
Project("{FAE04EC0-301F-11D3-BF4B-00C04F79EFBC}") = "Architect.Sugese.Manager", "Sugese\Architect.Sugese.Manager\Architect.Sugese.Manager.csproj", "{46CF6614-EC81-4DF7-9FC4-459C36ECFA08}"
	ProjectSection(ProjectDependencies) = postProject
		{36B5AC9F-DAA3-4D43-85F6-47B0389AB261} = {36B5AC9F-DAA3-4D43-85F6-47B0389AB261}
	EndProjectSection
EndProject
Project("{F184B08F-C81C-45F6-A57F-5ABD9991F28F}") = "Architect.Sugese.Patrimonio", "Sugese\Architect.Sugese.Patrimonio\Architect.Sugese.Patrimonio.vbproj", "{E327210A-4D67-4547-9661-DC3B07476AB8}"
EndProject
Project("{F184B08F-C81C-45F6-A57F-5ABD9991F28F}") = "Architect.Sugese.Polizas", "Sugese\Architect.Sugese.Polizas\Architect.Sugese.Polizas.vbproj", "{FC1B0944-2362-4220-8B9E-012925275E76}"
EndProject
Project("{F184B08F-C81C-45F6-A57F-5ABD9991F28F}") = "Architect.Sugese.Produccion", "Sugese\Architect.Sugese.Produccion\Architect.Sugese.Produccion.vbproj", "{C32A9258-89AA-4BE9-BFA8-A1308022F37F}"
EndProject
Project("{F184B08F-C81C-45F6-A57F-5ABD9991F28F}") = "Architect.Sugese.RunOff", "Sugese\Architect.Sugese.RunOff\Architect.Sugese.RunOff.vbproj", "{2B9A0DDC-7809-4006-9765-ACDBF58125CD}"
EndProject
Project("{FAE04EC0-301F-11D3-BF4B-00C04F79EFBC}") = "Architect.Sugese.Utility", "Sugese\Architect.Sugese.Utility\Architect.Sugese.Utility.csproj", "{2156F352-204A-4030-9139-0A11317EB806}"
EndProject
Project("{FAE04EC0-301F-11D3-BF4B-00C04F79EFBC}") = "Architect.Sugese.CuentaTecnicaFinanciera", "Sugese\Architect.Sugese.CuentaTecnicaFinanciera\Architect.Sugese.CuentaTecnicaFinanciera.csproj", "{D864DD60-CFBD-4674-B578-DFFFAC4ED23E}"
EndProject
Project("{FAE04EC0-301F-11D3-BF4B-00C04F79EFBC}") = "Architect.Sugese.EstadisticasInternacionales", "Sugese\Architect.Sugese.EstadisticasInternacionales\Architect.Sugese.EstadisticasInternacionales.csproj", "{10E303D4-C724-4B5F-80B9-FE9C66514A3B}"
EndProject
Project("{FAE04EC0-301F-11D3-BF4B-00C04F79EFBC}") = "Architect.Sugese.PrimasSiniestros", "Sugese\Architect.Sugese.PrimasSiniestros\Architect.Sugese.PrimasSiniestros.csproj", "{36A22778-5373-478C-9BD7-9729F96C7881}"
EndProject
Project("{FAE04EC0-301F-11D3-BF4B-00C04F79EFBC}") = "Architect.Sugese.RendimientoFinanciero", "Sugese\Architect.Sugese.RendimientoFinanciero\Architect.Sugese.RendimientoFinanciero.csproj", "{4EF0C050-D59B-49AE-AC57-F55E939839E2}"
EndProject
Project("{FAE04EC0-301F-11D3-BF4B-00C04F79EFBC}") = "Architect.Sugese.SaldosContables", "Sugese\Architect.Sugese.SaldosContables\Architect.Sugese.SaldosContables.csproj", "{1E0B56AD-6B69-4B28-B755-5151D4925506}"
EndProject
Project("{FAE04EC0-301F-11D3-BF4B-00C04F79EFBC}") = "Architect.Sugese.SituacionFinanciera", "Sugese\Architect.Sugese.SituacionFinanciera\Architect.Sugese.SituacionFinanciera.csproj", "{F38F4960-C9CE-4C32-8C7E-595F93E9DE24}"
EndProject
Project("{FAE04EC0-301F-11D3-BF4B-00C04F79EFBC}") = "Architect.Sugese.Validadores", "Sugese\Architect.Sugese.Validadores\Architect.Sugese.Validadores.csproj", "{C9E089E3-9DD2-47DC-BA03-97196104D62F}"
EndProject
Project("{FAE04EC0-301F-11D3-BF4B-00C04F79EFBC}") = "Sugese.Test", "Sugese.Test\Sugese.Test.csproj", "{A6C8033C-9A17-4437-BC4D-06A9AE753CBF}"
EndProject
Project("{FAE04EC0-301F-11D3-BF4B-00C04F79EFBC}") = "Architect.GTI.Integrations", "Core\Architect.GTI.Integrations\Architect.GTI.Integrations.csproj", "{4DF77F2B-D314-4FB0-B086-6FBDFE8E00A1}"
EndProject
Project("{2150E333-8FDC-42A3-9474-1A3956D46DE8}") = "Process", "Process", "{8EE01008-9329-4415-AD8B-186D109F0607}"
EndProject
Project("{FAE04EC0-301F-11D3-BF4B-00C04F79EFBC}") = "Architect.API.Process.Contracts", "Process\Architect.API.Process.Contracts\Architect.API.Process.Contracts.csproj", "{0EBCC10A-7CB8-496E-8FF5-67DB50C44F84}"
EndProject
Project("{FAE04EC0-301F-11D3-BF4B-00C04F79EFBC}") = "Architect.API.Process.WebApi", "Process\Architect.API.Process.WebApi\Architect.API.Process.WebApi.csproj", "{46E768BD-E972-4236-8778-9A721840C009}"
EndProject
Project("{FAE04EC0-301F-11D3-BF4B-00C04F79EFBC}") = "Architect.API.Process.DataAccess", "Process\Architect.API.Process.DataAccess\Architect.API.Process.DataAccess.csproj", "{EF8CAC2A-4D32-44C6-BAD1-7DE72FFE064F}"
EndProject
Project("{FAE04EC0-301F-11D3-BF4B-00C04F79EFBC}") = "Architect.API.Process.Business", "Process\Architect.API.Process.Business\Architect.API.Process.Business.csproj", "{51210C08-EC92-4129-911E-75DEC19B24A7}"
EndProject
Global
	GlobalSection(SolutionConfigurationPlatforms) = preSolution
		Debug|Any CPU = Debug|Any CPU
		Release|Any CPU = Release|Any CPU
	EndGlobalSection
	GlobalSection(ProjectConfigurationPlatforms) = postSolution
		{5286E518-0785-46F3-A8EB-9924BC972AEE}.Debug|Any CPU.ActiveCfg = Debug|Any CPU
		{5286E518-0785-46F3-A8EB-9924BC972AEE}.Debug|Any CPU.Build.0 = Debug|Any CPU
		{5286E518-0785-46F3-A8EB-9924BC972AEE}.Release|Any CPU.ActiveCfg = Release|Any CPU
		{5286E518-0785-46F3-A8EB-9924BC972AEE}.Release|Any CPU.Build.0 = Release|Any CPU
		{29B21BEF-8C87-4A9D-8B37-FECC57CD03C7}.Debug|Any CPU.ActiveCfg = Debug|Any CPU
		{29B21BEF-8C87-4A9D-8B37-FECC57CD03C7}.Debug|Any CPU.Build.0 = Debug|Any CPU
		{29B21BEF-8C87-4A9D-8B37-FECC57CD03C7}.Release|Any CPU.ActiveCfg = Release|Any CPU
		{29B21BEF-8C87-4A9D-8B37-FECC57CD03C7}.Release|Any CPU.Build.0 = Release|Any CPU
		{C3DF159D-24F2-48F6-AB4C-1480A47626F0}.Debug|Any CPU.ActiveCfg = Debug|Any CPU
		{C3DF159D-24F2-48F6-AB4C-1480A47626F0}.Debug|Any CPU.Build.0 = Debug|Any CPU
		{C3DF159D-24F2-48F6-AB4C-1480A47626F0}.Release|Any CPU.ActiveCfg = Release|Any CPU
		{C3DF159D-24F2-48F6-AB4C-1480A47626F0}.Release|Any CPU.Build.0 = Release|Any CPU
		{3DA1398D-CCC0-4F4B-A099-72CC3BBD2A9A}.Debug|Any CPU.ActiveCfg = Debug|Any CPU
		{3DA1398D-CCC0-4F4B-A099-72CC3BBD2A9A}.Debug|Any CPU.Build.0 = Debug|Any CPU
		{3DA1398D-CCC0-4F4B-A099-72CC3BBD2A9A}.Release|Any CPU.ActiveCfg = Release|Any CPU
		{3DA1398D-CCC0-4F4B-A099-72CC3BBD2A9A}.Release|Any CPU.Build.0 = Release|Any CPU
		{CA87FDF9-B58D-4DA1-800E-4DDFB37245BB}.Debug|Any CPU.ActiveCfg = Debug|Any CPU
		{CA87FDF9-B58D-4DA1-800E-4DDFB37245BB}.Debug|Any CPU.Build.0 = Debug|Any CPU
		{CA87FDF9-B58D-4DA1-800E-4DDFB37245BB}.Release|Any CPU.ActiveCfg = Release|Any CPU
		{CA87FDF9-B58D-4DA1-800E-4DDFB37245BB}.Release|Any CPU.Build.0 = Release|Any CPU
		{92937331-3EC2-45C0-879E-DE7186CCA4AE}.Debug|Any CPU.ActiveCfg = Debug|Any CPU
		{92937331-3EC2-45C0-879E-DE7186CCA4AE}.Debug|Any CPU.Build.0 = Debug|Any CPU
		{92937331-3EC2-45C0-879E-DE7186CCA4AE}.Release|Any CPU.ActiveCfg = Release|Any CPU
		{92937331-3EC2-45C0-879E-DE7186CCA4AE}.Release|Any CPU.Build.0 = Release|Any CPU
		{6EF8CA1D-1853-4875-B953-8264F985C110}.Debug|Any CPU.ActiveCfg = Debug|Any CPU
		{6EF8CA1D-1853-4875-B953-8264F985C110}.Debug|Any CPU.Build.0 = Debug|Any CPU
		{6EF8CA1D-1853-4875-B953-8264F985C110}.Release|Any CPU.ActiveCfg = Release|Any CPU
		{6EF8CA1D-1853-4875-B953-8264F985C110}.Release|Any CPU.Build.0 = Release|Any CPU
		{09A0943E-CE17-433E-AB5B-9F6E3AF78E50}.Debug|Any CPU.ActiveCfg = Debug|Any CPU
		{09A0943E-CE17-433E-AB5B-9F6E3AF78E50}.Debug|Any CPU.Build.0 = Debug|Any CPU
		{09A0943E-CE17-433E-AB5B-9F6E3AF78E50}.Release|Any CPU.ActiveCfg = Release|Any CPU
		{09A0943E-CE17-433E-AB5B-9F6E3AF78E50}.Release|Any CPU.Build.0 = Release|Any CPU
		{579105B3-776B-4094-A301-87A9C42962C5}.Debug|Any CPU.ActiveCfg = Debug|Any CPU
		{579105B3-776B-4094-A301-87A9C42962C5}.Debug|Any CPU.Build.0 = Debug|Any CPU
		{579105B3-776B-4094-A301-87A9C42962C5}.Release|Any CPU.ActiveCfg = Release|Any CPU
		{579105B3-776B-4094-A301-87A9C42962C5}.Release|Any CPU.Build.0 = Release|Any CPU
		{89532941-0A32-495A-BFE9-81B8B03F2A61}.Debug|Any CPU.ActiveCfg = Debug|Any CPU
		{89532941-0A32-495A-BFE9-81B8B03F2A61}.Debug|Any CPU.Build.0 = Debug|Any CPU
		{89532941-0A32-495A-BFE9-81B8B03F2A61}.Release|Any CPU.ActiveCfg = Release|Any CPU
		{89532941-0A32-495A-BFE9-81B8B03F2A61}.Release|Any CPU.Build.0 = Release|Any CPU
		{E45FC69A-0702-4A98-885E-F43DD79A424E}.Debug|Any CPU.ActiveCfg = Debug|Any CPU
		{E45FC69A-0702-4A98-885E-F43DD79A424E}.Debug|Any CPU.Build.0 = Debug|Any CPU
		{E45FC69A-0702-4A98-885E-F43DD79A424E}.Release|Any CPU.ActiveCfg = Release|Any CPU
		{E45FC69A-0702-4A98-885E-F43DD79A424E}.Release|Any CPU.Build.0 = Release|Any CPU
		{6A906932-7049-4DBD-88F6-2B3F5B3B0F94}.Debug|Any CPU.ActiveCfg = Debug|Any CPU
		{6A906932-7049-4DBD-88F6-2B3F5B3B0F94}.Debug|Any CPU.Build.0 = Debug|Any CPU
		{6A906932-7049-4DBD-88F6-2B3F5B3B0F94}.Release|Any CPU.ActiveCfg = Release|Any CPU
		{6A906932-7049-4DBD-88F6-2B3F5B3B0F94}.Release|Any CPU.Build.0 = Release|Any CPU
		{4A384364-B935-4FE8-A0D0-35B4033C6A91}.Debug|Any CPU.ActiveCfg = Debug|Any CPU
		{4A384364-B935-4FE8-A0D0-35B4033C6A91}.Debug|Any CPU.Build.0 = Debug|Any CPU
		{4A384364-B935-4FE8-A0D0-35B4033C6A91}.Release|Any CPU.ActiveCfg = Release|Any CPU
		{4A384364-B935-4FE8-A0D0-35B4033C6A91}.Release|Any CPU.Build.0 = Release|Any CPU
		{4902E3E0-A90E-4769-807F-1B565EF66549}.Debug|Any CPU.ActiveCfg = Debug|Any CPU
		{4902E3E0-A90E-4769-807F-1B565EF66549}.Debug|Any CPU.Build.0 = Debug|Any CPU
		{4902E3E0-A90E-4769-807F-1B565EF66549}.Release|Any CPU.ActiveCfg = Release|Any CPU
		{4902E3E0-A90E-4769-807F-1B565EF66549}.Release|Any CPU.Build.0 = Release|Any CPU
		{E8317AB3-7807-4FCF-8520-B80340B4EB7D}.Debug|Any CPU.ActiveCfg = Debug|Any CPU
		{E8317AB3-7807-4FCF-8520-B80340B4EB7D}.Debug|Any CPU.Build.0 = Debug|Any CPU
		{E8317AB3-7807-4FCF-8520-B80340B4EB7D}.Release|Any CPU.ActiveCfg = Release|Any CPU
		{E8317AB3-7807-4FCF-8520-B80340B4EB7D}.Release|Any CPU.Build.0 = Release|Any CPU
		{011157F4-8E96-46FE-8FF6-2B36AE9F20C9}.Debug|Any CPU.ActiveCfg = Debug|Any CPU
		{011157F4-8E96-46FE-8FF6-2B36AE9F20C9}.Debug|Any CPU.Build.0 = Debug|Any CPU
		{011157F4-8E96-46FE-8FF6-2B36AE9F20C9}.Release|Any CPU.ActiveCfg = Release|Any CPU
		{011157F4-8E96-46FE-8FF6-2B36AE9F20C9}.Release|Any CPU.Build.0 = Release|Any CPU
		{DF22B5F7-3F15-408D-8FEC-D38A1F10DB32}.Debug|Any CPU.ActiveCfg = Debug|Any CPU
		{DF22B5F7-3F15-408D-8FEC-D38A1F10DB32}.Debug|Any CPU.Build.0 = Debug|Any CPU
		{DF22B5F7-3F15-408D-8FEC-D38A1F10DB32}.Release|Any CPU.ActiveCfg = Release|Any CPU
		{DF22B5F7-3F15-408D-8FEC-D38A1F10DB32}.Release|Any CPU.Build.0 = Release|Any CPU
		{945E44C5-D4B9-0284-138F-DBFDCC714451}.Debug|Any CPU.ActiveCfg = Debug|Any CPU
		{945E44C5-D4B9-0284-138F-DBFDCC714451}.Debug|Any CPU.Build.0 = Debug|Any CPU
		{945E44C5-D4B9-0284-138F-DBFDCC714451}.Release|Any CPU.ActiveCfg = Release|Any CPU
		{945E44C5-D4B9-0284-138F-DBFDCC714451}.Release|Any CPU.Build.0 = Release|Any CPU
		{ADE9E68B-134E-0D88-34F0-07A5AAD11285}.Debug|Any CPU.ActiveCfg = Debug|Any CPU
		{ADE9E68B-134E-0D88-34F0-07A5AAD11285}.Debug|Any CPU.Build.0 = Debug|Any CPU
		{ADE9E68B-134E-0D88-34F0-07A5AAD11285}.Release|Any CPU.ActiveCfg = Release|Any CPU
		{ADE9E68B-134E-0D88-34F0-07A5AAD11285}.Release|Any CPU.Build.0 = Release|Any CPU
		{231F38EE-E067-4A51-9195-FB5A3E0D337D}.Debug|Any CPU.ActiveCfg = Debug|Any CPU
		{231F38EE-E067-4A51-9195-FB5A3E0D337D}.Debug|Any CPU.Build.0 = Debug|Any CPU
		{231F38EE-E067-4A51-9195-FB5A3E0D337D}.Release|Any CPU.ActiveCfg = Release|Any CPU
		{231F38EE-E067-4A51-9195-FB5A3E0D337D}.Release|Any CPU.Build.0 = Release|Any CPU
		{4950C088-7A09-4E2B-B4DE-D2381D0739C6}.Debug|Any CPU.ActiveCfg = Debug|Any CPU
		{4950C088-7A09-4E2B-B4DE-D2381D0739C6}.Debug|Any CPU.Build.0 = Debug|Any CPU
		{4950C088-7A09-4E2B-B4DE-D2381D0739C6}.Release|Any CPU.ActiveCfg = Release|Any CPU
		{4950C088-7A09-4E2B-B4DE-D2381D0739C6}.Release|Any CPU.Build.0 = Release|Any CPU
		{41B3F1C8-FDB5-4DB4-BE61-6BF1576A09E7}.Debug|Any CPU.ActiveCfg = Debug|Any CPU
		{41B3F1C8-FDB5-4DB4-BE61-6BF1576A09E7}.Debug|Any CPU.Build.0 = Debug|Any CPU
		{41B3F1C8-FDB5-4DB4-BE61-6BF1576A09E7}.Release|Any CPU.ActiveCfg = Release|Any CPU
		{41B3F1C8-FDB5-4DB4-BE61-6BF1576A09E7}.Release|Any CPU.Build.0 = Release|Any CPU
		{757B93C0-3E72-44F2-9842-755D39FB2FEE}.Debug|Any CPU.ActiveCfg = Debug|Any CPU
		{757B93C0-3E72-44F2-9842-755D39FB2FEE}.Debug|Any CPU.Build.0 = Debug|Any CPU
		{757B93C0-3E72-44F2-9842-755D39FB2FEE}.Release|Any CPU.ActiveCfg = Release|Any CPU
		{757B93C0-3E72-44F2-9842-755D39FB2FEE}.Release|Any CPU.Build.0 = Release|Any CPU
		{F3FF6ED2-92C6-40EE-901B-407C6BA73597}.Debug|Any CPU.ActiveCfg = Debug|Any CPU
		{F3FF6ED2-92C6-40EE-901B-407C6BA73597}.Debug|Any CPU.Build.0 = Debug|Any CPU
		{F3FF6ED2-92C6-40EE-901B-407C6BA73597}.Release|Any CPU.ActiveCfg = Release|Any CPU
		{F3FF6ED2-92C6-40EE-901B-407C6BA73597}.Release|Any CPU.Build.0 = Release|Any CPU
		{4ADBD7D8-8677-4543-B525-2F99E815FAF1}.Debug|Any CPU.ActiveCfg = Debug|Any CPU
		{4ADBD7D8-8677-4543-B525-2F99E815FAF1}.Debug|Any CPU.Build.0 = Debug|Any CPU
		{4ADBD7D8-8677-4543-B525-2F99E815FAF1}.Release|Any CPU.ActiveCfg = Release|Any CPU
		{4ADBD7D8-8677-4543-B525-2F99E815FAF1}.Release|Any CPU.Build.0 = Release|Any CPU
		{8F1D4348-314C-40A9-8B9D-C485E5819CAE}.Debug|Any CPU.ActiveCfg = Debug|Any CPU
		{8F1D4348-314C-40A9-8B9D-C485E5819CAE}.Debug|Any CPU.Build.0 = Debug|Any CPU
		{8F1D4348-314C-40A9-8B9D-C485E5819CAE}.Release|Any CPU.ActiveCfg = Release|Any CPU
		{8F1D4348-314C-40A9-8B9D-C485E5819CAE}.Release|Any CPU.Build.0 = Release|Any CPU
		{0BF46121-5709-4D15-B08E-E29AD201ABDF}.Debug|Any CPU.ActiveCfg = Debug|Any CPU
		{0BF46121-5709-4D15-B08E-E29AD201ABDF}.Debug|Any CPU.Build.0 = Debug|Any CPU
		{0BF46121-5709-4D15-B08E-E29AD201ABDF}.Release|Any CPU.ActiveCfg = Release|Any CPU
		{0BF46121-5709-4D15-B08E-E29AD201ABDF}.Release|Any CPU.Build.0 = Release|Any CPU
		{3D406267-4A50-4E87-842A-553E3D222CF1}.Debug|Any CPU.ActiveCfg = Debug|Any CPU
		{3D406267-4A50-4E87-842A-553E3D222CF1}.Debug|Any CPU.Build.0 = Debug|Any CPU
		{3D406267-4A50-4E87-842A-553E3D222CF1}.Release|Any CPU.ActiveCfg = Release|Any CPU
		{3D406267-4A50-4E87-842A-553E3D222CF1}.Release|Any CPU.Build.0 = Release|Any CPU
		{1A9F7166-6C86-44A6-8920-CD52422A2044}.Debug|Any CPU.ActiveCfg = Debug|Any CPU
		{1A9F7166-6C86-44A6-8920-CD52422A2044}.Debug|Any CPU.Build.0 = Debug|Any CPU
		{1A9F7166-6C86-44A6-8920-CD52422A2044}.Release|Any CPU.ActiveCfg = Release|Any CPU
		{1A9F7166-6C86-44A6-8920-CD52422A2044}.Release|Any CPU.Build.0 = Release|Any CPU
		{68042445-0A60-4BED-A4A9-222A6BE98C3B}.Debug|Any CPU.ActiveCfg = Debug|Any CPU
		{68042445-0A60-4BED-A4A9-222A6BE98C3B}.Debug|Any CPU.Build.0 = Debug|Any CPU
		{68042445-0A60-4BED-A4A9-222A6BE98C3B}.Release|Any CPU.ActiveCfg = Release|Any CPU
		{68042445-0A60-4BED-A4A9-222A6BE98C3B}.Release|Any CPU.Build.0 = Release|Any CPU
		{9DDFBC75-0A39-4A36-9301-169BAC63A801}.Debug|Any CPU.ActiveCfg = Debug|Any CPU
		{9DDFBC75-0A39-4A36-9301-169BAC63A801}.Debug|Any CPU.Build.0 = Debug|Any CPU
		{9DDFBC75-0A39-4A36-9301-169BAC63A801}.Release|Any CPU.ActiveCfg = Release|Any CPU
		{9DDFBC75-0A39-4A36-9301-169BAC63A801}.Release|Any CPU.Build.0 = Release|Any CPU
		{36B5AC9F-DAA3-4D43-85F6-47B0389AB261}.Debug|Any CPU.ActiveCfg = Debug|Any CPU
		{36B5AC9F-DAA3-4D43-85F6-47B0389AB261}.Debug|Any CPU.Build.0 = Debug|Any CPU
		{36B5AC9F-DAA3-4D43-85F6-47B0389AB261}.Release|Any CPU.ActiveCfg = Release|Any CPU
		{36B5AC9F-DAA3-4D43-85F6-47B0389AB261}.Release|Any CPU.Build.0 = Release|Any CPU
		{073E335E-1662-49E0-90E2-07D39639CC6C}.Debug|Any CPU.ActiveCfg = Debug|Any CPU
		{073E335E-1662-49E0-90E2-07D39639CC6C}.Debug|Any CPU.Build.0 = Debug|Any CPU
		{073E335E-1662-49E0-90E2-07D39639CC6C}.Release|Any CPU.ActiveCfg = Release|Any CPU
		{073E335E-1662-49E0-90E2-07D39639CC6C}.Release|Any CPU.Build.0 = Release|Any CPU
		{7A26F40E-4818-4109-A70F-C0D21C1EADBC}.Debug|Any CPU.ActiveCfg = Debug|Any CPU
		{7A26F40E-4818-4109-A70F-C0D21C1EADBC}.Debug|Any CPU.Build.0 = Debug|Any CPU
		{7A26F40E-4818-4109-A70F-C0D21C1EADBC}.Release|Any CPU.ActiveCfg = Release|Any CPU
		{7A26F40E-4818-4109-A70F-C0D21C1EADBC}.Release|Any CPU.Build.0 = Release|Any CPU
		{F8E0E0CA-ADA5-49FF-9D32-EF2C40C6A6E7}.Debug|Any CPU.ActiveCfg = Debug|Any CPU
		{F8E0E0CA-ADA5-49FF-9D32-EF2C40C6A6E7}.Debug|Any CPU.Build.0 = Debug|Any CPU
		{F8E0E0CA-ADA5-49FF-9D32-EF2C40C6A6E7}.Release|Any CPU.ActiveCfg = Release|Any CPU
		{F8E0E0CA-ADA5-49FF-9D32-EF2C40C6A6E7}.Release|Any CPU.Build.0 = Release|Any CPU
		{BF16885D-0347-48F9-B60C-76D734E80F35}.Debug|Any CPU.ActiveCfg = Debug|Any CPU
		{BF16885D-0347-48F9-B60C-76D734E80F35}.Debug|Any CPU.Build.0 = Debug|Any CPU
		{BF16885D-0347-48F9-B60C-76D734E80F35}.Release|Any CPU.ActiveCfg = Release|Any CPU
		{BF16885D-0347-48F9-B60C-76D734E80F35}.Release|Any CPU.Build.0 = Release|Any CPU
		{0D373CBE-4FF8-4C26-A61D-1FDB4A11B937}.Debug|Any CPU.ActiveCfg = Debug|Any CPU
		{0D373CBE-4FF8-4C26-A61D-1FDB4A11B937}.Debug|Any CPU.Build.0 = Debug|Any CPU
		{0D373CBE-4FF8-4C26-A61D-1FDB4A11B937}.Release|Any CPU.ActiveCfg = Release|Any CPU
		{0D373CBE-4FF8-4C26-A61D-1FDB4A11B937}.Release|Any CPU.Build.0 = Release|Any CPU
		{B4219EE3-B7C7-4414-ACF1-5153379CE2A5}.Debug|Any CPU.ActiveCfg = Debug|Any CPU
		{B4219EE3-B7C7-4414-ACF1-5153379CE2A5}.Debug|Any CPU.Build.0 = Debug|Any CPU
		{B4219EE3-B7C7-4414-ACF1-5153379CE2A5}.Release|Any CPU.ActiveCfg = Release|Any CPU
		{B4219EE3-B7C7-4414-ACF1-5153379CE2A5}.Release|Any CPU.Build.0 = Release|Any CPU
		{BB5575B3-DA18-44A0-8EE2-4DDE1B66E276}.Debug|Any CPU.ActiveCfg = Debug|Any CPU
		{BB5575B3-DA18-44A0-8EE2-4DDE1B66E276}.Debug|Any CPU.Build.0 = Debug|Any CPU
		{BB5575B3-DA18-44A0-8EE2-4DDE1B66E276}.Release|Any CPU.ActiveCfg = Release|Any CPU
		{BB5575B3-DA18-44A0-8EE2-4DDE1B66E276}.Release|Any CPU.Build.0 = Release|Any CPU
		{554DEFA8-F453-4D20-820F-171B786E9E93}.Debug|Any CPU.ActiveCfg = Debug|Any CPU
		{554DEFA8-F453-4D20-820F-171B786E9E93}.Debug|Any CPU.Build.0 = Debug|Any CPU
		{554DEFA8-F453-4D20-820F-171B786E9E93}.Release|Any CPU.ActiveCfg = Release|Any CPU
		{554DEFA8-F453-4D20-820F-171B786E9E93}.Release|Any CPU.Build.0 = Release|Any CPU
		{46CF6614-EC81-4DF7-9FC4-459C36ECFA08}.Debug|Any CPU.ActiveCfg = Debug|Any CPU
		{46CF6614-EC81-4DF7-9FC4-459C36ECFA08}.Debug|Any CPU.Build.0 = Debug|Any CPU
		{46CF6614-EC81-4DF7-9FC4-459C36ECFA08}.Release|Any CPU.ActiveCfg = Release|Any CPU
		{46CF6614-EC81-4DF7-9FC4-459C36ECFA08}.Release|Any CPU.Build.0 = Release|Any CPU
		{E327210A-4D67-4547-9661-DC3B07476AB8}.Debug|Any CPU.ActiveCfg = Debug|Any CPU
		{E327210A-4D67-4547-9661-DC3B07476AB8}.Debug|Any CPU.Build.0 = Debug|Any CPU
		{E327210A-4D67-4547-9661-DC3B07476AB8}.Release|Any CPU.ActiveCfg = Release|Any CPU
		{E327210A-4D67-4547-9661-DC3B07476AB8}.Release|Any CPU.Build.0 = Release|Any CPU
		{FC1B0944-2362-4220-8B9E-012925275E76}.Debug|Any CPU.ActiveCfg = Debug|Any CPU
		{FC1B0944-2362-4220-8B9E-012925275E76}.Debug|Any CPU.Build.0 = Debug|Any CPU
		{FC1B0944-2362-4220-8B9E-012925275E76}.Release|Any CPU.ActiveCfg = Release|Any CPU
		{FC1B0944-2362-4220-8B9E-012925275E76}.Release|Any CPU.Build.0 = Release|Any CPU
		{C32A9258-89AA-4BE9-BFA8-A1308022F37F}.Debug|Any CPU.ActiveCfg = Debug|Any CPU
		{C32A9258-89AA-4BE9-BFA8-A1308022F37F}.Debug|Any CPU.Build.0 = Debug|Any CPU
		{C32A9258-89AA-4BE9-BFA8-A1308022F37F}.Release|Any CPU.ActiveCfg = Release|Any CPU
		{C32A9258-89AA-4BE9-BFA8-A1308022F37F}.Release|Any CPU.Build.0 = Release|Any CPU
		{2B9A0DDC-7809-4006-9765-ACDBF58125CD}.Debug|Any CPU.ActiveCfg = Debug|Any CPU
		{2B9A0DDC-7809-4006-9765-ACDBF58125CD}.Debug|Any CPU.Build.0 = Debug|Any CPU
		{2B9A0DDC-7809-4006-9765-ACDBF58125CD}.Release|Any CPU.ActiveCfg = Release|Any CPU
		{2B9A0DDC-7809-4006-9765-ACDBF58125CD}.Release|Any CPU.Build.0 = Release|Any CPU
		{2156F352-204A-4030-9139-0A11317EB806}.Debug|Any CPU.ActiveCfg = Debug|Any CPU
		{2156F352-204A-4030-9139-0A11317EB806}.Debug|Any CPU.Build.0 = Debug|Any CPU
		{2156F352-204A-4030-9139-0A11317EB806}.Release|Any CPU.ActiveCfg = Release|Any CPU
		{2156F352-204A-4030-9139-0A11317EB806}.Release|Any CPU.Build.0 = Release|Any CPU
		{D864DD60-CFBD-4674-B578-DFFFAC4ED23E}.Debug|Any CPU.ActiveCfg = Debug|Any CPU
		{D864DD60-CFBD-4674-B578-DFFFAC4ED23E}.Debug|Any CPU.Build.0 = Debug|Any CPU
		{D864DD60-CFBD-4674-B578-DFFFAC4ED23E}.Release|Any CPU.ActiveCfg = Release|Any CPU
		{D864DD60-CFBD-4674-B578-DFFFAC4ED23E}.Release|Any CPU.Build.0 = Release|Any CPU
		{10E303D4-C724-4B5F-80B9-FE9C66514A3B}.Debug|Any CPU.ActiveCfg = Debug|Any CPU
		{10E303D4-C724-4B5F-80B9-FE9C66514A3B}.Debug|Any CPU.Build.0 = Debug|Any CPU
		{10E303D4-C724-4B5F-80B9-FE9C66514A3B}.Release|Any CPU.ActiveCfg = Release|Any CPU
		{10E303D4-C724-4B5F-80B9-FE9C66514A3B}.Release|Any CPU.Build.0 = Release|Any CPU
		{36A22778-5373-478C-9BD7-9729F96C7881}.Debug|Any CPU.ActiveCfg = Debug|Any CPU
		{36A22778-5373-478C-9BD7-9729F96C7881}.Debug|Any CPU.Build.0 = Debug|Any CPU
		{36A22778-5373-478C-9BD7-9729F96C7881}.Release|Any CPU.ActiveCfg = Release|Any CPU
		{36A22778-5373-478C-9BD7-9729F96C7881}.Release|Any CPU.Build.0 = Release|Any CPU
		{4EF0C050-D59B-49AE-AC57-F55E939839E2}.Debug|Any CPU.ActiveCfg = Debug|Any CPU
		{4EF0C050-D59B-49AE-AC57-F55E939839E2}.Debug|Any CPU.Build.0 = Debug|Any CPU
		{4EF0C050-D59B-49AE-AC57-F55E939839E2}.Release|Any CPU.ActiveCfg = Release|Any CPU
		{4EF0C050-D59B-49AE-AC57-F55E939839E2}.Release|Any CPU.Build.0 = Release|Any CPU
		{1E0B56AD-6B69-4B28-B755-5151D4925506}.Debug|Any CPU.ActiveCfg = Debug|Any CPU
		{1E0B56AD-6B69-4B28-B755-5151D4925506}.Debug|Any CPU.Build.0 = Debug|Any CPU
		{1E0B56AD-6B69-4B28-B755-5151D4925506}.Release|Any CPU.ActiveCfg = Release|Any CPU
		{1E0B56AD-6B69-4B28-B755-5151D4925506}.Release|Any CPU.Build.0 = Release|Any CPU
		{F38F4960-C9CE-4C32-8C7E-595F93E9DE24}.Debug|Any CPU.ActiveCfg = Debug|Any CPU
		{F38F4960-C9CE-4C32-8C7E-595F93E9DE24}.Debug|Any CPU.Build.0 = Debug|Any CPU
		{F38F4960-C9CE-4C32-8C7E-595F93E9DE24}.Release|Any CPU.ActiveCfg = Release|Any CPU
		{F38F4960-C9CE-4C32-8C7E-595F93E9DE24}.Release|Any CPU.Build.0 = Release|Any CPU
		{C9E089E3-9DD2-47DC-BA03-97196104D62F}.Debug|Any CPU.ActiveCfg = Debug|Any CPU
		{C9E089E3-9DD2-47DC-BA03-97196104D62F}.Debug|Any CPU.Build.0 = Debug|Any CPU
		{C9E089E3-9DD2-47DC-BA03-97196104D62F}.Release|Any CPU.ActiveCfg = Release|Any CPU
		{C9E089E3-9DD2-47DC-BA03-97196104D62F}.Release|Any CPU.Build.0 = Release|Any CPU
		{A6C8033C-9A17-4437-BC4D-06A9AE753CBF}.Debug|Any CPU.ActiveCfg = Debug|Any CPU
		{A6C8033C-9A17-4437-BC4D-06A9AE753CBF}.Debug|Any CPU.Build.0 = Debug|Any CPU
		{A6C8033C-9A17-4437-BC4D-06A9AE753CBF}.Release|Any CPU.ActiveCfg = Release|Any CPU
		{A6C8033C-9A17-4437-BC4D-06A9AE753CBF}.Release|Any CPU.Build.0 = Release|Any CPU
		{4DF77F2B-D314-4FB0-B086-6FBDFE8E00A1}.Debug|Any CPU.ActiveCfg = Debug|Any CPU
		{4DF77F2B-D314-4FB0-B086-6FBDFE8E00A1}.Debug|Any CPU.Build.0 = Debug|Any CPU
		{4DF77F2B-D314-4FB0-B086-6FBDFE8E00A1}.Release|Any CPU.ActiveCfg = Release|Any CPU
		{4DF77F2B-D314-4FB0-B086-6FBDFE8E00A1}.Release|Any CPU.Build.0 = Release|Any CPU
		{0EBCC10A-7CB8-496E-8FF5-67DB50C44F84}.Debug|Any CPU.ActiveCfg = Debug|Any CPU
		{0EBCC10A-7CB8-496E-8FF5-67DB50C44F84}.Debug|Any CPU.Build.0 = Debug|Any CPU
		{0EBCC10A-7CB8-496E-8FF5-67DB50C44F84}.Release|Any CPU.ActiveCfg = Release|Any CPU
		{0EBCC10A-7CB8-496E-8FF5-67DB50C44F84}.Release|Any CPU.Build.0 = Release|Any CPU
		{46E768BD-E972-4236-8778-9A721840C009}.Debug|Any CPU.ActiveCfg = Debug|Any CPU
		{46E768BD-E972-4236-8778-9A721840C009}.Debug|Any CPU.Build.0 = Debug|Any CPU
		{46E768BD-E972-4236-8778-9A721840C009}.Release|Any CPU.ActiveCfg = Release|Any CPU
		{46E768BD-E972-4236-8778-9A721840C009}.Release|Any CPU.Build.0 = Release|Any CPU
		{EF8CAC2A-4D32-44C6-BAD1-7DE72FFE064F}.Debug|Any CPU.ActiveCfg = Debug|Any CPU
		{EF8CAC2A-4D32-44C6-BAD1-7DE72FFE064F}.Debug|Any CPU.Build.0 = Debug|Any CPU
		{EF8CAC2A-4D32-44C6-BAD1-7DE72FFE064F}.Release|Any CPU.ActiveCfg = Release|Any CPU
		{EF8CAC2A-4D32-44C6-BAD1-7DE72FFE064F}.Release|Any CPU.Build.0 = Release|Any CPU
		{51210C08-EC92-4129-911E-75DEC19B24A7}.Debug|Any CPU.ActiveCfg = Debug|Any CPU
		{51210C08-EC92-4129-911E-75DEC19B24A7}.Debug|Any CPU.Build.0 = Debug|Any CPU
		{51210C08-EC92-4129-911E-75DEC19B24A7}.Release|Any CPU.ActiveCfg = Release|Any CPU
		{51210C08-EC92-4129-911E-75DEC19B24A7}.Release|Any CPU.Build.0 = Release|Any CPU
	EndGlobalSection
	GlobalSection(SolutionProperties) = preSolution
		HideSolutionNode = FALSE
	EndGlobalSection
	GlobalSection(NestedProjects) = preSolution
		{29B21BEF-8C87-4A9D-8B37-FECC57CD03C7} = {A55F4A46-8E3E-4F3B-B23F-E13DC75C5D8C}
		{C3DF159D-24F2-48F6-AB4C-1480A47626F0} = {A55F4A46-8E3E-4F3B-B23F-E13DC75C5D8C}
		{3DA1398D-CCC0-4F4B-A099-72CC3BBD2A9A} = {8132710E-5F12-438F-AB5C-7D26549493BC}
		{CA87FDF9-B58D-4DA1-800E-4DDFB37245BB} = {8132710E-5F12-438F-AB5C-7D26549493BC}
		{92937331-3EC2-45C0-879E-DE7186CCA4AE} = {D8070E82-A254-4BE3-827F-2FF4BA37A168}
		{6EF8CA1D-1853-4875-B953-8264F985C110} = {D8070E82-A254-4BE3-827F-2FF4BA37A168}
		{09A0943E-CE17-433E-AB5B-9F6E3AF78E50} = {8132710E-5F12-438F-AB5C-7D26549493BC}
		{579105B3-776B-4094-A301-87A9C42962C5} = {A55F4A46-8E3E-4F3B-B23F-E13DC75C5D8C}
		{89532941-0A32-495A-BFE9-81B8B03F2A61} = {A5883024-95B4-4551-8ED1-31DABF1D0999}
		{E45FC69A-0702-4A98-885E-F43DD79A424E} = {A5883024-95B4-4551-8ED1-31DABF1D0999}
		{6A906932-7049-4DBD-88F6-2B3F5B3B0F94} = {A5883024-95B4-4551-8ED1-31DABF1D0999}
		{4A384364-B935-4FE8-A0D0-35B4033C6A91} = {8132710E-5F12-438F-AB5C-7D26549493BC}
		{4902E3E0-A90E-4769-807F-1B565EF66549} = {A5883024-95B4-4551-8ED1-31DABF1D0999}
		{E8317AB3-7807-4FCF-8520-B80340B4EB7D} = {5588463B-D9C9-4CF3-AE4F-254F40C2C106}
		{011157F4-8E96-46FE-8FF6-2B36AE9F20C9} = {5588463B-D9C9-4CF3-AE4F-254F40C2C106}
		{DF22B5F7-3F15-408D-8FEC-D38A1F10DB32} = {A5883024-95B4-4551-8ED1-31DABF1D0999}
		{945E44C5-D4B9-0284-138F-DBFDCC714451} = {8132710E-5F12-438F-AB5C-7D26549493BC}
		{ADE9E68B-134E-0D88-34F0-07A5AAD11285} = {A55F4A46-8E3E-4F3B-B23F-E13DC75C5D8C}
		{231F38EE-E067-4A51-9195-FB5A3E0D337D} = {5588463B-D9C9-4CF3-AE4F-254F40C2C106}
		{4950C088-7A09-4E2B-B4DE-D2381D0739C6} = {A55F4A46-8E3E-4F3B-B23F-E13DC75C5D8C}
		{41B3F1C8-FDB5-4DB4-BE61-6BF1576A09E7} = {A55F4A46-8E3E-4F3B-B23F-E13DC75C5D8C}
		{757B93C0-3E72-44F2-9842-755D39FB2FEE} = {8F27499B-6E25-4785-ABA2-83F9CF139C8F}
		{F3FF6ED2-92C6-40EE-901B-407C6BA73597} = {8F27499B-6E25-4785-ABA2-83F9CF139C8F}
		{4ADBD7D8-8677-4543-B525-2F99E815FAF1} = {8F27499B-6E25-4785-ABA2-83F9CF139C8F}
		{8F1D4348-314C-40A9-8B9D-C485E5819CAE} = {8F27499B-6E25-4785-ABA2-83F9CF139C8F}
		{0BF46121-5709-4D15-B08E-E29AD201ABDF} = {8F27499B-6E25-4785-ABA2-83F9CF139C8F}
		{3D406267-4A50-4E87-842A-553E3D222CF1} = {A55F4A46-8E3E-4F3B-B23F-E13DC75C5D8C}
		{1A9F7166-6C86-44A6-8920-CD52422A2044} = {A55F4A46-8E3E-4F3B-B23F-E13DC75C5D8C}
		{68042445-0A60-4BED-A4A9-222A6BE98C3B} = {A55F4A46-8E3E-4F3B-B23F-E13DC75C5D8C}
		{9DDFBC75-0A39-4A36-9301-169BAC63A801} = {FED99A5C-1673-4263-AFFF-1984911CF5FF}
		{36B5AC9F-DAA3-4D43-85F6-47B0389AB261} = {FED99A5C-1673-4263-AFFF-1984911CF5FF}
		{073E335E-1662-49E0-90E2-07D39639CC6C} = {25D6E55D-1C77-4600-8A37-49C034BA30F8}
		{7A26F40E-4818-4109-A70F-C0D21C1EADBC} = {25D6E55D-1C77-4600-8A37-49C034BA30F8}
		{F8E0E0CA-ADA5-49FF-9D32-EF2C40C6A6E7} = {25D6E55D-1C77-4600-8A37-49C034BA30F8}
		{BF16885D-0347-48F9-B60C-76D734E80F35} = {25D6E55D-1C77-4600-8A37-49C034BA30F8}
		{0D373CBE-4FF8-4C26-A61D-1FDB4A11B937} = {25D6E55D-1C77-4600-8A37-49C034BA30F8}
		{B4219EE3-B7C7-4414-ACF1-5153379CE2A5} = {25D6E55D-1C77-4600-8A37-49C034BA30F8}
		{BB5575B3-DA18-44A0-8EE2-4DDE1B66E276} = {25D6E55D-1C77-4600-8A37-49C034BA30F8}
		{554DEFA8-F453-4D20-820F-171B786E9E93} = {25D6E55D-1C77-4600-8A37-49C034BA30F8}
		{46CF6614-EC81-4DF7-9FC4-459C36ECFA08} = {25D6E55D-1C77-4600-8A37-49C034BA30F8}
		{E327210A-4D67-4547-9661-DC3B07476AB8} = {25D6E55D-1C77-4600-8A37-49C034BA30F8}
		{FC1B0944-2362-4220-8B9E-012925275E76} = {25D6E55D-1C77-4600-8A37-49C034BA30F8}
		{C32A9258-89AA-4BE9-BFA8-A1308022F37F} = {25D6E55D-1C77-4600-8A37-49C034BA30F8}
		{2B9A0DDC-7809-4006-9765-ACDBF58125CD} = {25D6E55D-1C77-4600-8A37-49C034BA30F8}
		{2156F352-204A-4030-9139-0A11317EB806} = {25D6E55D-1C77-4600-8A37-49C034BA30F8}
		{D864DD60-CFBD-4674-B578-DFFFAC4ED23E} = {25D6E55D-1C77-4600-8A37-49C034BA30F8}
		{10E303D4-C724-4B5F-80B9-FE9C66514A3B} = {25D6E55D-1C77-4600-8A37-49C034BA30F8}
		{36A22778-5373-478C-9BD7-9729F96C7881} = {25D6E55D-1C77-4600-8A37-49C034BA30F8}
		{4EF0C050-D59B-49AE-AC57-F55E939839E2} = {25D6E55D-1C77-4600-8A37-49C034BA30F8}
		{1E0B56AD-6B69-4B28-B755-5151D4925506} = {25D6E55D-1C77-4600-8A37-49C034BA30F8}
		{F38F4960-C9CE-4C32-8C7E-595F93E9DE24} = {25D6E55D-1C77-4600-8A37-49C034BA30F8}
		{C9E089E3-9DD2-47DC-BA03-97196104D62F} = {25D6E55D-1C77-4600-8A37-49C034BA30F8}
		{A6C8033C-9A17-4437-BC4D-06A9AE753CBF} = {25D6E55D-1C77-4600-8A37-49C034BA30F8}
		{4DF77F2B-D314-4FB0-B086-6FBDFE8E00A1} = {A55F4A46-8E3E-4F3B-B23F-E13DC75C5D8C}
		{0EBCC10A-7CB8-496E-8FF5-67DB50C44F84} = {8EE01008-9329-4415-AD8B-186D109F0607}
		{46E768BD-E972-4236-8778-9A721840C009} = {8EE01008-9329-4415-AD8B-186D109F0607}
		{EF8CAC2A-4D32-44C6-BAD1-7DE72FFE064F} = {8EE01008-9329-4415-AD8B-186D109F0607}
		{51210C08-EC92-4129-911E-75DEC19B24A7} = {8EE01008-9329-4415-AD8B-186D109F0607}
	EndGlobalSection
	GlobalSection(ExtensibilityGlobals) = postSolution
		SolutionGuid = {015441FD-3714-4C1E-95CE-938D26A638AF}
	EndGlobalSection
EndGlobal
